
Microsoft Visual Studio Solution File, Format Version 12.00
# Visual Studio 14
VisualStudioVersion = 14.0.25420.1
MinimumVisualStudioVersion = 10.0.40219.1
Project("{FAE04EC0-301F-11D3-BF4B-00C04F79EFBC}") = "Baseball.Web", "Baseball.Web\Baseball.Web.csproj", "{6CF1565C-1932-42F9-B22F-461617D6C6F6}"
EndProject
Project("{FAE04EC0-301F-11D3-BF4B-00C04F79EFBC}") = "Baseball.Bll", "Baseball.Bll\Baseball.Bll.csproj", "{1C6C30FF-5459-4CDC-B0FD-019D137BB770}"
EndProject
Project("{FAE04EC0-301F-11D3-BF4B-00C04F79EFBC}") = "Baseball.Data", "Baseball.Data\Baseball.Data.csproj", "{B8CBF303-6445-43CD-AF38-70B13DC36C1B}"
EndProject
Project("{FAE04EC0-301F-11D3-BF4B-00C04F79EFBC}") = "Baseball.Models", "Baseball.Models\Baseball.Models.csproj", "{85ED7D8D-1062-463B-9985-A3707A49FD14}"
EndProject
Project("{FAE04EC0-301F-11D3-BF4B-00C04F79EFBC}") = "Baseball.Tests", "Baseball.Tests\Baseball.Tests.csproj", "{3E2B03AF-00AB-45C4-929B-C267579C44ED}"
EndProject
Global
	GlobalSection(SolutionConfigurationPlatforms) = preSolution
		Debug|Any CPU = Debug|Any CPU
		Release|Any CPU = Release|Any CPU
	EndGlobalSection
	GlobalSection(ProjectConfigurationPlatforms) = postSolution
		{6CF1565C-1932-42F9-B22F-461617D6C6F6}.Debug|Any CPU.ActiveCfg = Debug|Any CPU
		{6CF1565C-1932-42F9-B22F-461617D6C6F6}.Debug|Any CPU.Build.0 = Debug|Any CPU
		{6CF1565C-1932-42F9-B22F-461617D6C6F6}.Release|Any CPU.ActiveCfg = Release|Any CPU
		{6CF1565C-1932-42F9-B22F-461617D6C6F6}.Release|Any CPU.Build.0 = Release|Any CPU
		{1C6C30FF-5459-4CDC-B0FD-019D137BB770}.Debug|Any CPU.ActiveCfg = Debug|Any CPU
		{1C6C30FF-5459-4CDC-B0FD-019D137BB770}.Debug|Any CPU.Build.0 = Debug|Any CPU
		{1C6C30FF-5459-4CDC-B0FD-019D137BB770}.Release|Any CPU.ActiveCfg = Release|Any CPU
		{1C6C30FF-5459-4CDC-B0FD-019D137BB770}.Release|Any CPU.Build.0 = Release|Any CPU
		{B8CBF303-6445-43CD-AF38-70B13DC36C1B}.Debug|Any CPU.ActiveCfg = Debug|Any CPU
		{B8CBF303-6445-43CD-AF38-70B13DC36C1B}.Debug|Any CPU.Build.0 = Debug|Any CPU
		{B8CBF303-6445-43CD-AF38-70B13DC36C1B}.Release|Any CPU.ActiveCfg = Release|Any CPU
		{B8CBF303-6445-43CD-AF38-70B13DC36C1B}.Release|Any CPU.Build.0 = Release|Any CPU
		{85ED7D8D-1062-463B-9985-A3707A49FD14}.Debug|Any CPU.ActiveCfg = Debug|Any CPU
		{85ED7D8D-1062-463B-9985-A3707A49FD14}.Debug|Any CPU.Build.0 = Debug|Any CPU
		{85ED7D8D-1062-463B-9985-A3707A49FD14}.Release|Any CPU.ActiveCfg = Release|Any CPU
		{85ED7D8D-1062-463B-9985-A3707A49FD14}.Release|Any CPU.Build.0 = Release|Any CPU
		{3E2B03AF-00AB-45C4-929B-C267579C44ED}.Debug|Any CPU.ActiveCfg = Debug|Any CPU
		{3E2B03AF-00AB-45C4-929B-C267579C44ED}.Debug|Any CPU.Build.0 = Debug|Any CPU
		{3E2B03AF-00AB-45C4-929B-C267579C44ED}.Release|Any CPU.ActiveCfg = Release|Any CPU
		{3E2B03AF-00AB-45C4-929B-C267579C44ED}.Release|Any CPU.Build.0 = Release|Any CPU
	EndGlobalSection
	GlobalSection(SolutionProperties) = preSolution
		HideSolutionNode = FALSE
	EndGlobalSection
EndGlobal
