
Microsoft Visual Studio Solution File, Format Version 12.00
# Visual Studio 14
VisualStudioVersion = 14.0.25420.1
MinimumVisualStudioVersion = 10.0.40219.1
Project("{FAE04EC0-301F-11D3-BF4B-00C04F79EFBC}") = "LoopsWarmups", "LoopsWarmups\LoopsWarmups.csproj", "{D6D5BD49-94A5-438A-95A7-D30322A445EE}"
EndProject
Project("{FAE04EC0-301F-11D3-BF4B-00C04F79EFBC}") = "LoopsWarmups.test", "LoopsWarmups.test\LoopsWarmups.test.csproj", "{58A253BA-30F1-460C-85F5-446543059C38}"
EndProject
Global
	GlobalSection(SolutionConfigurationPlatforms) = preSolution
		Debug|Any CPU = Debug|Any CPU
		Release|Any CPU = Release|Any CPU
	EndGlobalSection
	GlobalSection(ProjectConfigurationPlatforms) = postSolution
		{D6D5BD49-94A5-438A-95A7-D30322A445EE}.Debug|Any CPU.ActiveCfg = Debug|Any CPU
		{D6D5BD49-94A5-438A-95A7-D30322A445EE}.Debug|Any CPU.Build.0 = Debug|Any CPU
		{D6D5BD49-94A5-438A-95A7-D30322A445EE}.Release|Any CPU.ActiveCfg = Release|Any CPU
		{D6D5BD49-94A5-438A-95A7-D30322A445EE}.Release|Any CPU.Build.0 = Release|Any CPU
		{58A253BA-30F1-460C-85F5-446543059C38}.Debug|Any CPU.ActiveCfg = Debug|Any CPU
		{58A253BA-30F1-460C-85F5-446543059C38}.Debug|Any CPU.Build.0 = Debug|Any CPU
		{58A253BA-30F1-460C-85F5-446543059C38}.Release|Any CPU.ActiveCfg = Release|Any CPU
		{58A253BA-30F1-460C-85F5-446543059C38}.Release|Any CPU.Build.0 = Release|Any CPU
	EndGlobalSection
	GlobalSection(SolutionProperties) = preSolution
		HideSolutionNode = FALSE
	EndGlobalSection
EndGlobal
