
Microsoft Visual Studio Solution File, Format Version 12.00
# Visual Studio 14
VisualStudioVersion = 14.0.25420.1
MinimumVisualStudioVersion = 10.0.40219.1
Project("{FAE04EC0-301F-11D3-BF4B-00C04F79EFBC}") = "Say Hi", "Say Hi\Say Hi.csproj", "{BF05F99A-7FFF-45A9-86BF-80D772368DCC}"
EndProject
Project("{FAE04EC0-301F-11D3-BF4B-00C04F79EFBC}") = "SayHi.test", "SayHi.test\SayHi.test.csproj", "{74BABC0E-74E5-4B55-AC0B-44FD07C35115}"
EndProject
Global
	GlobalSection(SolutionConfigurationPlatforms) = preSolution
		Debug|Any CPU = Debug|Any CPU
		Release|Any CPU = Release|Any CPU
	EndGlobalSection
	GlobalSection(ProjectConfigurationPlatforms) = postSolution
		{BF05F99A-7FFF-45A9-86BF-80D772368DCC}.Debug|Any CPU.ActiveCfg = Debug|Any CPU
		{BF05F99A-7FFF-45A9-86BF-80D772368DCC}.Debug|Any CPU.Build.0 = Debug|Any CPU
		{BF05F99A-7FFF-45A9-86BF-80D772368DCC}.Release|Any CPU.ActiveCfg = Release|Any CPU
		{BF05F99A-7FFF-45A9-86BF-80D772368DCC}.Release|Any CPU.Build.0 = Release|Any CPU
		{74BABC0E-74E5-4B55-AC0B-44FD07C35115}.Debug|Any CPU.ActiveCfg = Debug|Any CPU
		{74BABC0E-74E5-4B55-AC0B-44FD07C35115}.Debug|Any CPU.Build.0 = Debug|Any CPU
		{74BABC0E-74E5-4B55-AC0B-44FD07C35115}.Release|Any CPU.ActiveCfg = Release|Any CPU
		{74BABC0E-74E5-4B55-AC0B-44FD07C35115}.Release|Any CPU.Build.0 = Release|Any CPU
	EndGlobalSection
	GlobalSection(SolutionProperties) = preSolution
		HideSolutionNode = FALSE
	EndGlobalSection
EndGlobal
