
Microsoft Visual Studio Solution File, Format Version 12.00
# Visual Studio 14
VisualStudioVersion = 14.0.23107.0
MinimumVisualStudioVersion = 10.0.40219.1
Project("{FAE04EC0-301F-11D3-BF4B-00C04F79EFBC}") = "RPGInventory.Items", "RPGInventory.Items\RPGInventory.Items.csproj", "{1106C35F-18F3-43EC-BCC6-E20EBB052520}"
EndProject
Project("{FAE04EC0-301F-11D3-BF4B-00C04F79EFBC}") = "RPGInventory.Practice", "RPGInventory.Practice\RPGInventory.Practice.csproj", "{C197CA7C-4869-4F6B-8DC8-A71A88B989C2}"
EndProject
Global
	GlobalSection(SolutionConfigurationPlatforms) = preSolution
		Debug|Any CPU = Debug|Any CPU
		Release|Any CPU = Release|Any CPU
	EndGlobalSection
	GlobalSection(ProjectConfigurationPlatforms) = postSolution
		{1106C35F-18F3-43EC-BCC6-E20EBB052520}.Debug|Any CPU.ActiveCfg = Debug|Any CPU
		{1106C35F-18F3-43EC-BCC6-E20EBB052520}.Debug|Any CPU.Build.0 = Debug|Any CPU
		{1106C35F-18F3-43EC-BCC6-E20EBB052520}.Release|Any CPU.ActiveCfg = Release|Any CPU
		{1106C35F-18F3-43EC-BCC6-E20EBB052520}.Release|Any CPU.Build.0 = Release|Any CPU
		{C197CA7C-4869-4F6B-8DC8-A71A88B989C2}.Debug|Any CPU.ActiveCfg = Debug|Any CPU
		{C197CA7C-4869-4F6B-8DC8-A71A88B989C2}.Debug|Any CPU.Build.0 = Debug|Any CPU
		{C197CA7C-4869-4F6B-8DC8-A71A88B989C2}.Release|Any CPU.ActiveCfg = Release|Any CPU
		{C197CA7C-4869-4F6B-8DC8-A71A88B989C2}.Release|Any CPU.Build.0 = Release|Any CPU
	EndGlobalSection
	GlobalSection(SolutionProperties) = preSolution
		HideSolutionNode = FALSE
	EndGlobalSection
EndGlobal
