
Microsoft Visual Studio Solution File, Format Version 12.00
# Visual Studio 14
VisualStudioVersion = 14.0.25420.1
MinimumVisualStudioVersion = 10.0.40219.1
Project("{FAE04EC0-301F-11D3-BF4B-00C04F79EFBC}") = "StringCalculatorKata", "StringCalculatorKata\StringCalculatorKata.csproj", "{15DD157B-DAD6-4B66-9050-60E727A46148}"
EndProject
Project("{FAE04EC0-301F-11D3-BF4B-00C04F79EFBC}") = "StringCalculatorKata.Test", "StringCalculatorKata.Test\StringCalculatorKata.Test.csproj", "{2BC17DFF-D495-4A31-AE1A-AC6999D018F7}"
EndProject
Global
	GlobalSection(SolutionConfigurationPlatforms) = preSolution
		Debug|Any CPU = Debug|Any CPU
		Release|Any CPU = Release|Any CPU
	EndGlobalSection
	GlobalSection(ProjectConfigurationPlatforms) = postSolution
		{15DD157B-DAD6-4B66-9050-60E727A46148}.Debug|Any CPU.ActiveCfg = Debug|Any CPU
		{15DD157B-DAD6-4B66-9050-60E727A46148}.Debug|Any CPU.Build.0 = Debug|Any CPU
		{15DD157B-DAD6-4B66-9050-60E727A46148}.Release|Any CPU.ActiveCfg = Release|Any CPU
		{15DD157B-DAD6-4B66-9050-60E727A46148}.Release|Any CPU.Build.0 = Release|Any CPU
		{2BC17DFF-D495-4A31-AE1A-AC6999D018F7}.Debug|Any CPU.ActiveCfg = Debug|Any CPU
		{2BC17DFF-D495-4A31-AE1A-AC6999D018F7}.Debug|Any CPU.Build.0 = Debug|Any CPU
		{2BC17DFF-D495-4A31-AE1A-AC6999D018F7}.Release|Any CPU.ActiveCfg = Release|Any CPU
		{2BC17DFF-D495-4A31-AE1A-AC6999D018F7}.Release|Any CPU.Build.0 = Release|Any CPU
	EndGlobalSection
	GlobalSection(SolutionProperties) = preSolution
		HideSolutionNode = FALSE
	EndGlobalSection
EndGlobal
