
Microsoft Visual Studio Solution File, Format Version 12.00
# Visual Studio 14
VisualStudioVersion = 14.0.23107.0
MinimumVisualStudioVersion = 10.0.40219.1
Project("{FAE04EC0-301F-11D3-BF4B-00C04F79EFBC}") = "SGBank.UI", "SGBank.UI\SGBank.UI.csproj", "{DEDAFF31-7116-40E9-881F-BF504995D012}"
EndProject
Project("{FAE04EC0-301F-11D3-BF4B-00C04F79EFBC}") = "SGBank.Data", "SGBank.Data\SGBank.Data.csproj", "{05BD9E4D-A3EC-455C-8C97-56A47C4A308E}"
EndProject
Project("{FAE04EC0-301F-11D3-BF4B-00C04F79EFBC}") = "SGBank.BLL", "SGBank.BLL\SGBank.BLL.csproj", "{5848C65E-DE98-4909-8B58-4F9351190DFF}"
EndProject
Project("{FAE04EC0-301F-11D3-BF4B-00C04F79EFBC}") = "SGBank.Models", "SGBank.Models\SGBank.Models.csproj", "{CFD025EB-5B99-4349-869B-938B1ED0DF6B}"
EndProject
Project("{FAE04EC0-301F-11D3-BF4B-00C04F79EFBC}") = "SGBank.Tests", "SGBank.Tests\SGBank.Tests.csproj", "{21E477E6-04A8-40CC-A4AE-F585B74D4301}"
EndProject
Global
	GlobalSection(SolutionConfigurationPlatforms) = preSolution
		Debug|Any CPU = Debug|Any CPU
		Release|Any CPU = Release|Any CPU
	EndGlobalSection
	GlobalSection(ProjectConfigurationPlatforms) = postSolution
		{DEDAFF31-7116-40E9-881F-BF504995D012}.Debug|Any CPU.ActiveCfg = Debug|Any CPU
		{DEDAFF31-7116-40E9-881F-BF504995D012}.Debug|Any CPU.Build.0 = Debug|Any CPU
		{DEDAFF31-7116-40E9-881F-BF504995D012}.Release|Any CPU.ActiveCfg = Release|Any CPU
		{DEDAFF31-7116-40E9-881F-BF504995D012}.Release|Any CPU.Build.0 = Release|Any CPU
		{05BD9E4D-A3EC-455C-8C97-56A47C4A308E}.Debug|Any CPU.ActiveCfg = Debug|Any CPU
		{05BD9E4D-A3EC-455C-8C97-56A47C4A308E}.Debug|Any CPU.Build.0 = Debug|Any CPU
		{05BD9E4D-A3EC-455C-8C97-56A47C4A308E}.Release|Any CPU.ActiveCfg = Release|Any CPU
		{05BD9E4D-A3EC-455C-8C97-56A47C4A308E}.Release|Any CPU.Build.0 = Release|Any CPU
		{5848C65E-DE98-4909-8B58-4F9351190DFF}.Debug|Any CPU.ActiveCfg = Debug|Any CPU
		{5848C65E-DE98-4909-8B58-4F9351190DFF}.Debug|Any CPU.Build.0 = Debug|Any CPU
		{5848C65E-DE98-4909-8B58-4F9351190DFF}.Release|Any CPU.ActiveCfg = Release|Any CPU
		{5848C65E-DE98-4909-8B58-4F9351190DFF}.Release|Any CPU.Build.0 = Release|Any CPU
		{CFD025EB-5B99-4349-869B-938B1ED0DF6B}.Debug|Any CPU.ActiveCfg = Debug|Any CPU
		{CFD025EB-5B99-4349-869B-938B1ED0DF6B}.Debug|Any CPU.Build.0 = Debug|Any CPU
		{CFD025EB-5B99-4349-869B-938B1ED0DF6B}.Release|Any CPU.ActiveCfg = Release|Any CPU
		{CFD025EB-5B99-4349-869B-938B1ED0DF6B}.Release|Any CPU.Build.0 = Release|Any CPU
		{21E477E6-04A8-40CC-A4AE-F585B74D4301}.Debug|Any CPU.ActiveCfg = Debug|Any CPU
		{21E477E6-04A8-40CC-A4AE-F585B74D4301}.Debug|Any CPU.Build.0 = Debug|Any CPU
		{21E477E6-04A8-40CC-A4AE-F585B74D4301}.Release|Any CPU.ActiveCfg = Release|Any CPU
		{21E477E6-04A8-40CC-A4AE-F585B74D4301}.Release|Any CPU.Build.0 = Release|Any CPU
	EndGlobalSection
	GlobalSection(SolutionProperties) = preSolution
		HideSolutionNode = FALSE
	EndGlobalSection
EndGlobal
